
Microsoft Visual Studio Solution File, Format Version 12.00
# Visual Studio Version 17
VisualStudioVersion = 17.0.31903.59
MinimumVisualStudioVersion = 10.0.40219.1
Project("{2150E333-8FDC-42A3-9474-1A3956D46DE8}") = "src", "src", "{827E0CD3-B72D-47B6-A68D-7590B98EB39B}"
EndProject
Project("{FAE04EC0-301F-11D3-BF4B-00C04F79EFBC}") = "PetProject.Web", "src\PetProject.Web\PetProject.Web.csproj", "{B0410D06-38BF-4B37-B05D-91169901F064}"
EndProject
Project("{FAE04EC0-301F-11D3-BF4B-00C04F79EFBC}") = "PetProject.User", "src\PetProject.User\PetProject.User.csproj", "{59BA480B-5887-4276-BDA4-45B51C3B1A6D}"
EndProject
Project("{FAE04EC0-301F-11D3-BF4B-00C04F79EFBC}") = "PetProject.Game", "src\PetProject.Game\PetProject.Game.csproj", "{16719EA0-48B0-4344-ABC7-AD78857F71DD}"
EndProject
Project("{FAE04EC0-301F-11D3-BF4B-00C04F79EFBC}") = "PetProject.Steam", "src\PetProject.Steam\PetProject.Steam.csproj", "{49B4F195-5A72-480E-8D8D-D433C20C3613}"
EndProject
Project("{FAE04EC0-301F-11D3-BF4B-00C04F79EFBC}") = "PetProject.Shared", "src\PetProject.Shared\PetProject.Shared.csproj", "{6937FA48-0EF4-4215-AC91-CC669A56FF37}"
EndProject
Project("{E53339B2-1760-4266-BCC7-CA923CBCF16C}") = "docker-compose", "docker-compose.dcproj", "{81DDED9D-158B-E303-5F62-77A2896D2A5A}"
EndProject
Global
	GlobalSection(SolutionConfigurationPlatforms) = preSolution
		Debug|Any CPU = Debug|Any CPU
		Debug|x64 = Debug|x64
		Debug|x86 = Debug|x86
		Release|Any CPU = Release|Any CPU
		Release|x64 = Release|x64
		Release|x86 = Release|x86
	EndGlobalSection
	GlobalSection(ProjectConfigurationPlatforms) = postSolution
		{B0410D06-38BF-4B37-B05D-91169901F064}.Debug|Any CPU.ActiveCfg = Debug|Any CPU
		{B0410D06-38BF-4B37-B05D-91169901F064}.Debug|Any CPU.Build.0 = Debug|Any CPU
		{B0410D06-38BF-4B37-B05D-91169901F064}.Debug|x64.ActiveCfg = Debug|Any CPU
		{B0410D06-38BF-4B37-B05D-91169901F064}.Debug|x64.Build.0 = Debug|Any CPU
		{B0410D06-38BF-4B37-B05D-91169901F064}.Debug|x86.ActiveCfg = Debug|Any CPU
		{B0410D06-38BF-4B37-B05D-91169901F064}.Debug|x86.Build.0 = Debug|Any CPU
		{B0410D06-38BF-4B37-B05D-91169901F064}.Release|Any CPU.ActiveCfg = Release|Any CPU
		{B0410D06-38BF-4B37-B05D-91169901F064}.Release|Any CPU.Build.0 = Release|Any CPU
		{B0410D06-38BF-4B37-B05D-91169901F064}.Release|x64.ActiveCfg = Release|Any CPU
		{B0410D06-38BF-4B37-B05D-91169901F064}.Release|x64.Build.0 = Release|Any CPU
		{B0410D06-38BF-4B37-B05D-91169901F064}.Release|x86.ActiveCfg = Release|Any CPU
		{B0410D06-38BF-4B37-B05D-91169901F064}.Release|x86.Build.0 = Release|Any CPU
		{59BA480B-5887-4276-BDA4-45B51C3B1A6D}.Debug|Any CPU.ActiveCfg = Debug|Any CPU
		{59BA480B-5887-4276-BDA4-45B51C3B1A6D}.Debug|Any CPU.Build.0 = Debug|Any CPU
		{59BA480B-5887-4276-BDA4-45B51C3B1A6D}.Debug|x64.ActiveCfg = Debug|Any CPU
		{59BA480B-5887-4276-BDA4-45B51C3B1A6D}.Debug|x64.Build.0 = Debug|Any CPU
		{59BA480B-5887-4276-BDA4-45B51C3B1A6D}.Debug|x86.ActiveCfg = Debug|Any CPU
		{59BA480B-5887-4276-BDA4-45B51C3B1A6D}.Debug|x86.Build.0 = Debug|Any CPU
		{59BA480B-5887-4276-BDA4-45B51C3B1A6D}.Release|Any CPU.ActiveCfg = Release|Any CPU
		{59BA480B-5887-4276-BDA4-45B51C3B1A6D}.Release|Any CPU.Build.0 = Release|Any CPU
		{59BA480B-5887-4276-BDA4-45B51C3B1A6D}.Release|x64.ActiveCfg = Release|Any CPU
		{59BA480B-5887-4276-BDA4-45B51C3B1A6D}.Release|x64.Build.0 = Release|Any CPU
		{59BA480B-5887-4276-BDA4-45B51C3B1A6D}.Release|x86.ActiveCfg = Release|Any CPU
		{59BA480B-5887-4276-BDA4-45B51C3B1A6D}.Release|x86.Build.0 = Release|Any CPU
		{16719EA0-48B0-4344-ABC7-AD78857F71DD}.Debug|Any CPU.ActiveCfg = Debug|Any CPU
		{16719EA0-48B0-4344-ABC7-AD78857F71DD}.Debug|Any CPU.Build.0 = Debug|Any CPU
		{16719EA0-48B0-4344-ABC7-AD78857F71DD}.Debug|x64.ActiveCfg = Debug|Any CPU
		{16719EA0-48B0-4344-ABC7-AD78857F71DD}.Debug|x64.Build.0 = Debug|Any CPU
		{16719EA0-48B0-4344-ABC7-AD78857F71DD}.Debug|x86.ActiveCfg = Debug|Any CPU
		{16719EA0-48B0-4344-ABC7-AD78857F71DD}.Debug|x86.Build.0 = Debug|Any CPU
		{16719EA0-48B0-4344-ABC7-AD78857F71DD}.Release|Any CPU.ActiveCfg = Release|Any CPU
		{16719EA0-48B0-4344-ABC7-AD78857F71DD}.Release|Any CPU.Build.0 = Release|Any CPU
		{16719EA0-48B0-4344-ABC7-AD78857F71DD}.Release|x64.ActiveCfg = Release|Any CPU
		{16719EA0-48B0-4344-ABC7-AD78857F71DD}.Release|x64.Build.0 = Release|Any CPU
		{16719EA0-48B0-4344-ABC7-AD78857F71DD}.Release|x86.ActiveCfg = Release|Any CPU
		{16719EA0-48B0-4344-ABC7-AD78857F71DD}.Release|x86.Build.0 = Release|Any CPU
		{49B4F195-5A72-480E-8D8D-D433C20C3613}.Debug|Any CPU.ActiveCfg = Debug|Any CPU
		{49B4F195-5A72-480E-8D8D-D433C20C3613}.Debug|Any CPU.Build.0 = Debug|Any CPU
		{49B4F195-5A72-480E-8D8D-D433C20C3613}.Debug|x64.ActiveCfg = Debug|Any CPU
		{49B4F195-5A72-480E-8D8D-D433C20C3613}.Debug|x64.Build.0 = Debug|Any CPU
		{49B4F195-5A72-480E-8D8D-D433C20C3613}.Debug|x86.ActiveCfg = Debug|Any CPU
		{49B4F195-5A72-480E-8D8D-D433C20C3613}.Debug|x86.Build.0 = Debug|Any CPU
		{49B4F195-5A72-480E-8D8D-D433C20C3613}.Release|Any CPU.ActiveCfg = Release|Any CPU
		{49B4F195-5A72-480E-8D8D-D433C20C3613}.Release|Any CPU.Build.0 = Release|Any CPU
		{49B4F195-5A72-480E-8D8D-D433C20C3613}.Release|x64.ActiveCfg = Release|Any CPU
		{49B4F195-5A72-480E-8D8D-D433C20C3613}.Release|x64.Build.0 = Release|Any CPU
		{49B4F195-5A72-480E-8D8D-D433C20C3613}.Release|x86.ActiveCfg = Release|Any CPU
		{49B4F195-5A72-480E-8D8D-D433C20C3613}.Release|x86.Build.0 = Release|Any CPU
		{6937FA48-0EF4-4215-AC91-CC669A56FF37}.Debug|Any CPU.ActiveCfg = Debug|Any CPU
		{6937FA48-0EF4-4215-AC91-CC669A56FF37}.Debug|Any CPU.Build.0 = Debug|Any CPU
		{6937FA48-0EF4-4215-AC91-CC669A56FF37}.Debug|x64.ActiveCfg = Debug|Any CPU
		{6937FA48-0EF4-4215-AC91-CC669A56FF37}.Debug|x64.Build.0 = Debug|Any CPU
		{6937FA48-0EF4-4215-AC91-CC669A56FF37}.Debug|x86.ActiveCfg = Debug|Any CPU
		{6937FA48-0EF4-4215-AC91-CC669A56FF37}.Debug|x86.Build.0 = Debug|Any CPU
		{6937FA48-0EF4-4215-AC91-CC669A56FF37}.Release|Any CPU.ActiveCfg = Release|Any CPU
		{6937FA48-0EF4-4215-AC91-CC669A56FF37}.Release|Any CPU.Build.0 = Release|Any CPU
		{6937FA48-0EF4-4215-AC91-CC669A56FF37}.Release|x64.ActiveCfg = Release|Any CPU
		{6937FA48-0EF4-4215-AC91-CC669A56FF37}.Release|x64.Build.0 = Release|Any CPU
		{6937FA48-0EF4-4215-AC91-CC669A56FF37}.Release|x86.ActiveCfg = Release|Any CPU
		{6937FA48-0EF4-4215-AC91-CC669A56FF37}.Release|x86.Build.0 = Release|Any CPU
		{81DDED9D-158B-E303-5F62-77A2896D2A5A}.Debug|Any CPU.ActiveCfg = Debug|Any CPU
		{81DDED9D-158B-E303-5F62-77A2896D2A5A}.Debug|Any CPU.Build.0 = Debug|Any CPU
		{81DDED9D-158B-E303-5F62-77A2896D2A5A}.Debug|x64.ActiveCfg = Debug|Any CPU
		{81DDED9D-158B-E303-5F62-77A2896D2A5A}.Debug|x64.Build.0 = Debug|Any CPU
		{81DDED9D-158B-E303-5F62-77A2896D2A5A}.Debug|x86.ActiveCfg = Debug|Any CPU
		{81DDED9D-158B-E303-5F62-77A2896D2A5A}.Debug|x86.Build.0 = Debug|Any CPU
		{81DDED9D-158B-E303-5F62-77A2896D2A5A}.Release|Any CPU.ActiveCfg = Release|Any CPU
		{81DDED9D-158B-E303-5F62-77A2896D2A5A}.Release|Any CPU.Build.0 = Release|Any CPU
		{81DDED9D-158B-E303-5F62-77A2896D2A5A}.Release|x64.ActiveCfg = Release|Any CPU
		{81DDED9D-158B-E303-5F62-77A2896D2A5A}.Release|x64.Build.0 = Release|Any CPU
		{81DDED9D-158B-E303-5F62-77A2896D2A5A}.Release|x86.ActiveCfg = Release|Any CPU
		{81DDED9D-158B-E303-5F62-77A2896D2A5A}.Release|x86.Build.0 = Release|Any CPU
	EndGlobalSection
	GlobalSection(SolutionProperties) = preSolution
		HideSolutionNode = FALSE
	EndGlobalSection
	GlobalSection(NestedProjects) = preSolution
		{B0410D06-38BF-4B37-B05D-91169901F064} = {827E0CD3-B72D-47B6-A68D-7590B98EB39B}
		{59BA480B-5887-4276-BDA4-45B51C3B1A6D} = {827E0CD3-B72D-47B6-A68D-7590B98EB39B}
		{16719EA0-48B0-4344-ABC7-AD78857F71DD} = {827E0CD3-B72D-47B6-A68D-7590B98EB39B}
		{49B4F195-5A72-480E-8D8D-D433C20C3613} = {827E0CD3-B72D-47B6-A68D-7590B98EB39B}
		{6937FA48-0EF4-4215-AC91-CC669A56FF37} = {827E0CD3-B72D-47B6-A68D-7590B98EB39B}
	EndGlobalSection
	GlobalSection(ExtensibilityGlobals) = postSolution
		SolutionGuid = {BB10622F-523E-4A5F-AAF9-AE88FDCE8FD5}
	EndGlobalSection
EndGlobal
